
Microsoft Visual Studio Solution File, Format Version 12.00
# Visual Studio Version 17
VisualStudioVersion = 17.4.33213.308
MinimumVisualStudioVersion = 10.0.40219.1
Project("{FAE04EC0-301F-11D3-BF4B-00C04F79EFBC}") = "01.ProgramBasics", "01.ProgramBasics\01.ProgramBasics.csproj", "{F41D3008-9163-4827-B181-BFCCABF67DA4}"
EndProject
Project("{FAE04EC0-301F-11D3-BF4B-00C04F79EFBC}") = "02.Nums", "02.Nums\02.Nums.csproj", "{CE377DC1-E01E-4A7D-B0DA-12C74FB3740F}"
EndProject
Project("{FAE04EC0-301F-11D3-BF4B-00C04F79EFBC}") = "03.RectangleArea", "03.RectangleArea\03.RectangleArea.csproj", "{4D75CCC9-D204-4E96-8ABC-3DFA55F52455}"
EndProject
Project("{FAE04EC0-301F-11D3-BF4B-00C04F79EFBC}") = "04.InToCm", "04.InToCm\04.InToCm.csproj", "{92DE50BC-314D-452B-B118-8DEA14A450F7}"
EndProject
Project("{FAE04EC0-301F-11D3-BF4B-00C04F79EFBC}") = "05.GreetingByName", "05.GreetingByName\05.GreetingByName.csproj", "{F00EE363-D529-4A31-945A-940226C8B308}"
EndProject
Project("{FAE04EC0-301F-11D3-BF4B-00C04F79EFBC}") = "06.ConcatenateData", "06.ConcatenateData\06.ConcatenateData.csproj", "{100F57FA-A201-4FCA-8862-2747F51A832B}"
EndProject
Project("{FAE04EC0-301F-11D3-BF4B-00C04F79EFBC}") = "07.ProjectCreation", "07.ProjectCreation\07.ProjectCreation.csproj", "{ED83DF24-51CB-474A-B9BC-63FB79B30BE3}"
EndProject
Project("{FAE04EC0-301F-11D3-BF4B-00C04F79EFBC}") = "08.PetShop", "08.PetShop\08.PetShop.csproj", "{6FF2002A-BB8D-4BC6-B9D1-1F149460A108}"
EndProject
Project("{FAE04EC0-301F-11D3-BF4B-00C04F79EFBC}") = "09.YardGreening", "09.YardGreening\09.YardGreening.csproj", "{217E3055-6827-43B4-98C3-4CC6DA43E7F8}"
EndProject
Global
	GlobalSection(SolutionConfigurationPlatforms) = preSolution
		Debug|Any CPU = Debug|Any CPU
		Release|Any CPU = Release|Any CPU
	EndGlobalSection
	GlobalSection(ProjectConfigurationPlatforms) = postSolution
		{F41D3008-9163-4827-B181-BFCCABF67DA4}.Debug|Any CPU.ActiveCfg = Debug|Any CPU
		{F41D3008-9163-4827-B181-BFCCABF67DA4}.Debug|Any CPU.Build.0 = Debug|Any CPU
		{F41D3008-9163-4827-B181-BFCCABF67DA4}.Release|Any CPU.ActiveCfg = Release|Any CPU
		{F41D3008-9163-4827-B181-BFCCABF67DA4}.Release|Any CPU.Build.0 = Release|Any CPU
		{CE377DC1-E01E-4A7D-B0DA-12C74FB3740F}.Debug|Any CPU.ActiveCfg = Debug|Any CPU
		{CE377DC1-E01E-4A7D-B0DA-12C74FB3740F}.Debug|Any CPU.Build.0 = Debug|Any CPU
		{CE377DC1-E01E-4A7D-B0DA-12C74FB3740F}.Release|Any CPU.ActiveCfg = Release|Any CPU
		{CE377DC1-E01E-4A7D-B0DA-12C74FB3740F}.Release|Any CPU.Build.0 = Release|Any CPU
		{4D75CCC9-D204-4E96-8ABC-3DFA55F52455}.Debug|Any CPU.ActiveCfg = Debug|Any CPU
		{4D75CCC9-D204-4E96-8ABC-3DFA55F52455}.Debug|Any CPU.Build.0 = Debug|Any CPU
		{4D75CCC9-D204-4E96-8ABC-3DFA55F52455}.Release|Any CPU.ActiveCfg = Release|Any CPU
		{4D75CCC9-D204-4E96-8ABC-3DFA55F52455}.Release|Any CPU.Build.0 = Release|Any CPU
		{92DE50BC-314D-452B-B118-8DEA14A450F7}.Debug|Any CPU.ActiveCfg = Debug|Any CPU
		{92DE50BC-314D-452B-B118-8DEA14A450F7}.Debug|Any CPU.Build.0 = Debug|Any CPU
		{92DE50BC-314D-452B-B118-8DEA14A450F7}.Release|Any CPU.ActiveCfg = Release|Any CPU
		{92DE50BC-314D-452B-B118-8DEA14A450F7}.Release|Any CPU.Build.0 = Release|Any CPU
		{F00EE363-D529-4A31-945A-940226C8B308}.Debug|Any CPU.ActiveCfg = Debug|Any CPU
		{F00EE363-D529-4A31-945A-940226C8B308}.Debug|Any CPU.Build.0 = Debug|Any CPU
		{F00EE363-D529-4A31-945A-940226C8B308}.Release|Any CPU.ActiveCfg = Release|Any CPU
		{F00EE363-D529-4A31-945A-940226C8B308}.Release|Any CPU.Build.0 = Release|Any CPU
		{100F57FA-A201-4FCA-8862-2747F51A832B}.Debug|Any CPU.ActiveCfg = Debug|Any CPU
		{100F57FA-A201-4FCA-8862-2747F51A832B}.Debug|Any CPU.Build.0 = Debug|Any CPU
		{100F57FA-A201-4FCA-8862-2747F51A832B}.Release|Any CPU.ActiveCfg = Release|Any CPU
		{100F57FA-A201-4FCA-8862-2747F51A832B}.Release|Any CPU.Build.0 = Release|Any CPU
		{ED83DF24-51CB-474A-B9BC-63FB79B30BE3}.Debug|Any CPU.ActiveCfg = Debug|Any CPU
		{ED83DF24-51CB-474A-B9BC-63FB79B30BE3}.Debug|Any CPU.Build.0 = Debug|Any CPU
		{ED83DF24-51CB-474A-B9BC-63FB79B30BE3}.Release|Any CPU.ActiveCfg = Release|Any CPU
		{ED83DF24-51CB-474A-B9BC-63FB79B30BE3}.Release|Any CPU.Build.0 = Release|Any CPU
		{6FF2002A-BB8D-4BC6-B9D1-1F149460A108}.Debug|Any CPU.ActiveCfg = Debug|Any CPU
		{6FF2002A-BB8D-4BC6-B9D1-1F149460A108}.Debug|Any CPU.Build.0 = Debug|Any CPU
		{6FF2002A-BB8D-4BC6-B9D1-1F149460A108}.Release|Any CPU.ActiveCfg = Release|Any CPU
		{6FF2002A-BB8D-4BC6-B9D1-1F149460A108}.Release|Any CPU.Build.0 = Release|Any CPU
		{217E3055-6827-43B4-98C3-4CC6DA43E7F8}.Debug|Any CPU.ActiveCfg = Debug|Any CPU
		{217E3055-6827-43B4-98C3-4CC6DA43E7F8}.Debug|Any CPU.Build.0 = Debug|Any CPU
		{217E3055-6827-43B4-98C3-4CC6DA43E7F8}.Release|Any CPU.ActiveCfg = Release|Any CPU
		{217E3055-6827-43B4-98C3-4CC6DA43E7F8}.Release|Any CPU.Build.0 = Release|Any CPU
	EndGlobalSection
	GlobalSection(SolutionProperties) = preSolution
		HideSolutionNode = FALSE
	EndGlobalSection
	GlobalSection(ExtensibilityGlobals) = postSolution
		SolutionGuid = {7C4ECC0C-113C-4220-A21B-AC13A81AEAF5}
	EndGlobalSection
EndGlobal
