
Microsoft Visual Studio Solution File, Format Version 12.00
# Visual Studio Version 17
VisualStudioVersion = 17.4.33213.308
MinimumVisualStudioVersion = 10.0.40219.1
Project("{9A19103F-16F7-4668-BE54-9A1E7A4F7556}") = "01.TrapeziodArea", "01.TrapeziodArea\01.TrapeziodArea.csproj", "{4F75E4EA-9447-4A6A-847A-E87C0B48975F}"
EndProject
Project("{9A19103F-16F7-4668-BE54-9A1E7A4F7556}") = "02.TriangleArea", "02.TriangleArea\02.TriangleArea.csproj", "{871AABF9-870B-4AFC-9EFE-B3067EA7D2A5}"
EndProject
Project("{9A19103F-16F7-4668-BE54-9A1E7A4F7556}") = "03.CelsiusToFahrenheit", "03.CelsiusToFahrenheit\03.CelsiusToFahrenheit.csproj", "{C7DB72E2-ACF7-4249-8C87-D676DF72B539}"
EndProject
Project("{9A19103F-16F7-4668-BE54-9A1E7A4F7556}") = "04.VegetableMarket", "04.VegetableMarket\04.VegetableMarket.csproj", "{7D8B953E-80D5-4551-9E87-ED81D1F561E7}"
EndProject
Project("{FAE04EC0-301F-11D3-BF4B-00C04F79EFBC}") = "05.TrainingLab", "05.TrainingLab\05.TrainingLab.csproj", "{701A1689-3826-45AD-831C-AF367DCCEC0B}"
EndProject
Global
	GlobalSection(SolutionConfigurationPlatforms) = preSolution
		Debug|Any CPU = Debug|Any CPU
		Release|Any CPU = Release|Any CPU
	EndGlobalSection
	GlobalSection(ProjectConfigurationPlatforms) = postSolution
		{4F75E4EA-9447-4A6A-847A-E87C0B48975F}.Debug|Any CPU.ActiveCfg = Debug|Any CPU
		{4F75E4EA-9447-4A6A-847A-E87C0B48975F}.Debug|Any CPU.Build.0 = Debug|Any CPU
		{4F75E4EA-9447-4A6A-847A-E87C0B48975F}.Release|Any CPU.ActiveCfg = Release|Any CPU
		{4F75E4EA-9447-4A6A-847A-E87C0B48975F}.Release|Any CPU.Build.0 = Release|Any CPU
		{871AABF9-870B-4AFC-9EFE-B3067EA7D2A5}.Debug|Any CPU.ActiveCfg = Debug|Any CPU
		{871AABF9-870B-4AFC-9EFE-B3067EA7D2A5}.Debug|Any CPU.Build.0 = Debug|Any CPU
		{871AABF9-870B-4AFC-9EFE-B3067EA7D2A5}.Release|Any CPU.ActiveCfg = Release|Any CPU
		{871AABF9-870B-4AFC-9EFE-B3067EA7D2A5}.Release|Any CPU.Build.0 = Release|Any CPU
		{C7DB72E2-ACF7-4249-8C87-D676DF72B539}.Debug|Any CPU.ActiveCfg = Debug|Any CPU
		{C7DB72E2-ACF7-4249-8C87-D676DF72B539}.Debug|Any CPU.Build.0 = Debug|Any CPU
		{C7DB72E2-ACF7-4249-8C87-D676DF72B539}.Release|Any CPU.ActiveCfg = Release|Any CPU
		{C7DB72E2-ACF7-4249-8C87-D676DF72B539}.Release|Any CPU.Build.0 = Release|Any CPU
		{7D8B953E-80D5-4551-9E87-ED81D1F561E7}.Debug|Any CPU.ActiveCfg = Debug|Any CPU
		{7D8B953E-80D5-4551-9E87-ED81D1F561E7}.Debug|Any CPU.Build.0 = Debug|Any CPU
		{7D8B953E-80D5-4551-9E87-ED81D1F561E7}.Release|Any CPU.ActiveCfg = Release|Any CPU
		{7D8B953E-80D5-4551-9E87-ED81D1F561E7}.Release|Any CPU.Build.0 = Release|Any CPU
		{701A1689-3826-45AD-831C-AF367DCCEC0B}.Debug|Any CPU.ActiveCfg = Debug|Any CPU
		{701A1689-3826-45AD-831C-AF367DCCEC0B}.Debug|Any CPU.Build.0 = Debug|Any CPU
		{701A1689-3826-45AD-831C-AF367DCCEC0B}.Release|Any CPU.ActiveCfg = Release|Any CPU
		{701A1689-3826-45AD-831C-AF367DCCEC0B}.Release|Any CPU.Build.0 = Release|Any CPU
	EndGlobalSection
	GlobalSection(SolutionProperties) = preSolution
		HideSolutionNode = FALSE
	EndGlobalSection
	GlobalSection(ExtensibilityGlobals) = postSolution
		SolutionGuid = {C055C6DB-6354-4693-AE47-BD14FEC22BAB}
	EndGlobalSection
EndGlobal
