
Microsoft Visual Studio Solution File, Format Version 12.00
# Visual Studio Version 17
VisualStudioVersion = 17.4.33213.308
MinimumVisualStudioVersion = 10.0.40219.1
Project("{9A19103F-16F7-4668-BE54-9A1E7A4F7556}") = "01.Excellent Result", "01.Excellent Result\01.Excellent Result.csproj", "{F29FD3F0-AFE9-494C-A517-EE765F169A7C}"
EndProject
Project("{9A19103F-16F7-4668-BE54-9A1E7A4F7556}") = "02.GreaterNumber", "02.GreaterNumber\02.GreaterNumber.csproj", "{9668BC42-64A1-43F7-AD4B-6DE4C81E46E8}"
EndProject
Project("{9A19103F-16F7-4668-BE54-9A1E7A4F7556}") = "03.EvenOrOdd", "03.EvenOrOdd\03.EvenOrOdd.csproj", "{A4B8AFBE-FB28-4EE7-AB33-AA5217AE82E4}"
EndProject
Project("{9A19103F-16F7-4668-BE54-9A1E7A4F7556}") = "04.Password", "04.Password\04.Password.csproj", "{E93723A0-16A4-46C2-9BCC-B301791390C7}"
EndProject
Project("{9A19103F-16F7-4668-BE54-9A1E7A4F7556}") = "05.Numbers100To200", "05.Numbers100To200\05.Numbers100To200.csproj", "{41DB071F-A7F9-4126-9930-FA0FE27E1CE1}"
EndProject
Project("{9A19103F-16F7-4668-BE54-9A1E7A4F7556}") = "06.SpeedInfo", "06.SpeedInfo\06.SpeedInfo.csproj", "{A157E66F-4B05-4282-8F77-FF05062CBD10}"
EndProject
Project("{9A19103F-16F7-4668-BE54-9A1E7A4F7556}") = "07.AreaOfFigures", "07.AreaOfFigures\07.AreaOfFigures.csproj", "{1FB7ABAE-028C-4590-A1F3-179DDD5EFB71}"
EndProject
Project("{9092AA53-FB77-4645-B42D-1CCCA6BD08BD}") = "FromExistingCode1", "..\FromExistingCode1.njsproj", "{4DFEB5B1-9E2E-4820-8A1F-55D5067BAE86}"
EndProject
Project("{9092AA53-FB77-4645-B42D-1CCCA6BD08BD}") = "NodejsConsoleApp1", "NodejsConsoleApp1\NodejsConsoleApp1.njsproj", "{32782B4E-42CA-45B4-8951-4815C1291607}"
EndProject
Global
	GlobalSection(SolutionConfigurationPlatforms) = preSolution
		Debug|Any CPU = Debug|Any CPU
		Release|Any CPU = Release|Any CPU
	EndGlobalSection
	GlobalSection(ProjectConfigurationPlatforms) = postSolution
		{F29FD3F0-AFE9-494C-A517-EE765F169A7C}.Debug|Any CPU.ActiveCfg = Debug|Any CPU
		{F29FD3F0-AFE9-494C-A517-EE765F169A7C}.Debug|Any CPU.Build.0 = Debug|Any CPU
		{F29FD3F0-AFE9-494C-A517-EE765F169A7C}.Release|Any CPU.ActiveCfg = Release|Any CPU
		{F29FD3F0-AFE9-494C-A517-EE765F169A7C}.Release|Any CPU.Build.0 = Release|Any CPU
		{9668BC42-64A1-43F7-AD4B-6DE4C81E46E8}.Debug|Any CPU.ActiveCfg = Debug|Any CPU
		{9668BC42-64A1-43F7-AD4B-6DE4C81E46E8}.Debug|Any CPU.Build.0 = Debug|Any CPU
		{9668BC42-64A1-43F7-AD4B-6DE4C81E46E8}.Release|Any CPU.ActiveCfg = Release|Any CPU
		{9668BC42-64A1-43F7-AD4B-6DE4C81E46E8}.Release|Any CPU.Build.0 = Release|Any CPU
		{A4B8AFBE-FB28-4EE7-AB33-AA5217AE82E4}.Debug|Any CPU.ActiveCfg = Debug|Any CPU
		{A4B8AFBE-FB28-4EE7-AB33-AA5217AE82E4}.Debug|Any CPU.Build.0 = Debug|Any CPU
		{A4B8AFBE-FB28-4EE7-AB33-AA5217AE82E4}.Release|Any CPU.ActiveCfg = Release|Any CPU
		{A4B8AFBE-FB28-4EE7-AB33-AA5217AE82E4}.Release|Any CPU.Build.0 = Release|Any CPU
		{E93723A0-16A4-46C2-9BCC-B301791390C7}.Debug|Any CPU.ActiveCfg = Debug|Any CPU
		{E93723A0-16A4-46C2-9BCC-B301791390C7}.Debug|Any CPU.Build.0 = Debug|Any CPU
		{E93723A0-16A4-46C2-9BCC-B301791390C7}.Release|Any CPU.ActiveCfg = Release|Any CPU
		{E93723A0-16A4-46C2-9BCC-B301791390C7}.Release|Any CPU.Build.0 = Release|Any CPU
		{41DB071F-A7F9-4126-9930-FA0FE27E1CE1}.Debug|Any CPU.ActiveCfg = Debug|Any CPU
		{41DB071F-A7F9-4126-9930-FA0FE27E1CE1}.Debug|Any CPU.Build.0 = Debug|Any CPU
		{41DB071F-A7F9-4126-9930-FA0FE27E1CE1}.Release|Any CPU.ActiveCfg = Release|Any CPU
		{41DB071F-A7F9-4126-9930-FA0FE27E1CE1}.Release|Any CPU.Build.0 = Release|Any CPU
		{A157E66F-4B05-4282-8F77-FF05062CBD10}.Debug|Any CPU.ActiveCfg = Debug|Any CPU
		{A157E66F-4B05-4282-8F77-FF05062CBD10}.Debug|Any CPU.Build.0 = Debug|Any CPU
		{A157E66F-4B05-4282-8F77-FF05062CBD10}.Release|Any CPU.ActiveCfg = Release|Any CPU
		{A157E66F-4B05-4282-8F77-FF05062CBD10}.Release|Any CPU.Build.0 = Release|Any CPU
		{1FB7ABAE-028C-4590-A1F3-179DDD5EFB71}.Debug|Any CPU.ActiveCfg = Debug|Any CPU
		{1FB7ABAE-028C-4590-A1F3-179DDD5EFB71}.Debug|Any CPU.Build.0 = Debug|Any CPU
		{1FB7ABAE-028C-4590-A1F3-179DDD5EFB71}.Release|Any CPU.ActiveCfg = Release|Any CPU
		{1FB7ABAE-028C-4590-A1F3-179DDD5EFB71}.Release|Any CPU.Build.0 = Release|Any CPU
		{4DFEB5B1-9E2E-4820-8A1F-55D5067BAE86}.Debug|Any CPU.ActiveCfg = Debug|Any CPU
		{4DFEB5B1-9E2E-4820-8A1F-55D5067BAE86}.Debug|Any CPU.Build.0 = Debug|Any CPU
		{4DFEB5B1-9E2E-4820-8A1F-55D5067BAE86}.Release|Any CPU.ActiveCfg = Release|Any CPU
		{4DFEB5B1-9E2E-4820-8A1F-55D5067BAE86}.Release|Any CPU.Build.0 = Release|Any CPU
		{32782B4E-42CA-45B4-8951-4815C1291607}.Debug|Any CPU.ActiveCfg = Debug|Any CPU
		{32782B4E-42CA-45B4-8951-4815C1291607}.Debug|Any CPU.Build.0 = Debug|Any CPU
		{32782B4E-42CA-45B4-8951-4815C1291607}.Release|Any CPU.ActiveCfg = Release|Any CPU
		{32782B4E-42CA-45B4-8951-4815C1291607}.Release|Any CPU.Build.0 = Release|Any CPU
	EndGlobalSection
	GlobalSection(SolutionProperties) = preSolution
		HideSolutionNode = FALSE
	EndGlobalSection
	GlobalSection(ExtensibilityGlobals) = postSolution
		SolutionGuid = {B954CDAE-7F6D-4F2F-94D2-E8BE1DCB63D8}
	EndGlobalSection
EndGlobal
